
Microsoft Visual Studio Solution File, Format Version 12.00
# Visual Studio Version 17
VisualStudioVersion = 17.10.35027.167
MinimumVisualStudioVersion = 10.0.40219.1
Project("{FAE04EC0-301F-11D3-BF4B-00C04F79EFBC}") = "EjemploASPWeb", "EjemploASPWeb\EjemploASPWeb.csproj", "{0EDF8425-5DC3-4011-A478-32AFABF18259}"
EndProject
Global
	GlobalSection(SolutionConfigurationPlatforms) = preSolution
		Debug|Any CPU = Debug|Any CPU
		Release|Any CPU = Release|Any CPU
	EndGlobalSection
	GlobalSection(ProjectConfigurationPlatforms) = postSolution
		{0EDF8425-5DC3-4011-A478-32AFABF18259}.Debug|Any CPU.ActiveCfg = Debug|Any CPU
		{0EDF8425-5DC3-4011-A478-32AFABF18259}.Debug|Any CPU.Build.0 = Debug|Any CPU
		{0EDF8425-5DC3-4011-A478-32AFABF18259}.Release|Any CPU.ActiveCfg = Release|Any CPU
		{0EDF8425-5DC3-4011-A478-32AFABF18259}.Release|Any CPU.Build.0 = Release|Any CPU
	EndGlobalSection
	GlobalSection(SolutionProperties) = preSolution
		HideSolutionNode = FALSE
	EndGlobalSection
	GlobalSection(ExtensibilityGlobals) = postSolution
		SolutionGuid = {37552CB2-96F4-45B1-B8E1-83E0CD79DA3A}
	EndGlobalSection
EndGlobal
